
Microsoft Visual Studio Solution File, Format Version 12.00
# Visual Studio 15
Project("{FAE04EC0-301F-11D3-BF4B-00C04F79EFBC}") = "Assembly-CSharp", "Assembly-CSharp.csproj", "{CE32FEC6-94A5-4446-7F7A-753BE955FDD5}"
EndProject
Project("{FAE04EC0-301F-11D3-BF4B-00C04F79EFBC}") = "Assembly-CSharp-firstpass", "Assembly-CSharp-firstpass.csproj", "{229B0FC5-A0E8-E816-23F0-AF2420FF52D6}"
EndProject
Project("{FAE04EC0-301F-11D3-BF4B-00C04F79EFBC}") = "Assembly-CSharp-Editor-firstpass", "Assembly-CSharp-Editor-firstpass.csproj", "{2825F66D-7ECD-8309-961A-87AE1E80A164}"
EndProject
Global
	GlobalSection(SolutionConfigurationPlatforms) = preSolution
		Debug|Any CPU = Debug|Any CPU
		Release|Any CPU = Release|Any CPU
	EndGlobalSection
	GlobalSection(ProjectConfigurationPlatforms) = postSolution
		{CE32FEC6-94A5-4446-7F7A-753BE955FDD5}.Debug|Any CPU.ActiveCfg = Debug|Any CPU
		{CE32FEC6-94A5-4446-7F7A-753BE955FDD5}.Debug|Any CPU.Build.0 = Debug|Any CPU
		{CE32FEC6-94A5-4446-7F7A-753BE955FDD5}.Release|Any CPU.ActiveCfg = Release|Any CPU
		{CE32FEC6-94A5-4446-7F7A-753BE955FDD5}.Release|Any CPU.Build.0 = Release|Any CPU
		{229B0FC5-A0E8-E816-23F0-AF2420FF52D6}.Debug|Any CPU.ActiveCfg = Debug|Any CPU
		{229B0FC5-A0E8-E816-23F0-AF2420FF52D6}.Debug|Any CPU.Build.0 = Debug|Any CPU
		{229B0FC5-A0E8-E816-23F0-AF2420FF52D6}.Release|Any CPU.ActiveCfg = Release|Any CPU
		{229B0FC5-A0E8-E816-23F0-AF2420FF52D6}.Release|Any CPU.Build.0 = Release|Any CPU
		{2825F66D-7ECD-8309-961A-87AE1E80A164}.Debug|Any CPU.ActiveCfg = Debug|Any CPU
		{2825F66D-7ECD-8309-961A-87AE1E80A164}.Debug|Any CPU.Build.0 = Debug|Any CPU
		{2825F66D-7ECD-8309-961A-87AE1E80A164}.Release|Any CPU.ActiveCfg = Release|Any CPU
		{2825F66D-7ECD-8309-961A-87AE1E80A164}.Release|Any CPU.Build.0 = Release|Any CPU
	EndGlobalSection
	GlobalSection(SolutionProperties) = preSolution
		HideSolutionNode = FALSE
	EndGlobalSection
EndGlobal
